
Microsoft Visual Studio Solution File, Format Version 12.00
# Visual Studio Version 17
VisualStudioVersion = 17.0.31912.275
MinimumVisualStudioVersion = 10.0.40219.1
Project("{2150E333-8FDC-42A3-9474-1A3956D46DE8}") = "src", "src", "{4E83438B-562C-4EB3-A856-9CBB66823F8B}"
EndProject
Project("{2150E333-8FDC-42A3-9474-1A3956D46DE8}") = "Solution Items", "Solution Items", "{55B6977F-CD20-4310-B4AA-485D2E6CBE1F}"
	ProjectSection(SolutionItems) = preProject
		ServicePorts.txt = ServicePorts.txt
	EndProjectSection
EndProject
Project("{2150E333-8FDC-42A3-9474-1A3956D46DE8}") = "Services", "Services", "{652D801E-B811-4DD9-91D3-E88CC93360B6}"
EndProject
Project("{2150E333-8FDC-42A3-9474-1A3956D46DE8}") = "EventBus", "EventBus", "{1950B748-0EBE-4393-85A8-20AF2760917F}"
EndProject
Project("{2150E333-8FDC-42A3-9474-1A3956D46DE8}") = "Identity", "Identity", "{42AE664E-8AC5-4441-AE23-563ED618F7A6}"
EndProject
Project("{9A19103F-16F7-4668-BE54-9A1E7A4F7556}") = "Mircoservice.Identity.API", "src\Services\Identity\Mircoservice.Identity.API\Mircoservice.Identity.API.csproj", "{87B270D3-48D5-4A1A-BE13-28676AB21613}"
EndProject
Project("{2150E333-8FDC-42A3-9474-1A3956D46DE8}") = "User", "User", "{1C025C44-6F67-48E8-8A25-FA5881687213}"
EndProject
Project("{9A19103F-16F7-4668-BE54-9A1E7A4F7556}") = "Microservice.User.API", "src\Services\User\Microservice.User.API\Microservice.User.API.csproj", "{C61A8843-37DC-4EBE-8E41-23F3E07DD37B}"
EndProject
Project("{2150E333-8FDC-42A3-9474-1A3956D46DE8}") = "Chat", "Chat", "{843477BB-90DB-4543-AFA1-9DB9AF238178}"
EndProject
Project("{9A19103F-16F7-4668-BE54-9A1E7A4F7556}") = "Microservice.Chat.API", "src\Services\Chat\Microservice.Chat.API\Microservice.Chat.API.csproj", "{BF3060D5-E549-4A0B-98E0-A055991E8A70}"
EndProject
Project("{2150E333-8FDC-42A3-9474-1A3956D46DE8}") = "Notification", "Notification", "{E9B83AB9-AAB4-4EC7-8AE7-2443E60368D9}"
EndProject
Project("{9A19103F-16F7-4668-BE54-9A1E7A4F7556}") = "Microservice.Notification.API", "src\Services\Notification\Microservice.Notification.API\Microservice.Notification.API.csproj", "{7CDC1BB6-3787-4F9C-8C9F-D0900F94DDD7}"
EndProject
Project("{2150E333-8FDC-42A3-9474-1A3956D46DE8}") = "Core", "Core", "{2CEA4980-7FD9-4877-B72D-7BE6B1E0CFCA}"
EndProject
Project("{2150E333-8FDC-42A3-9474-1A3956D46DE8}") = "Gateway", "Gateway", "{1C22EED6-0354-4530-92EC-34CCDDEC33CC}"
EndProject
Project("{9A19103F-16F7-4668-BE54-9A1E7A4F7556}") = "Microservices.API.Gateway", "src\Gateway\Microservices.API.Gateway\Microservices.API.Gateway.csproj", "{4CCAC095-0922-48B0-91D2-DCDF0D44348D}"
EndProject
Project("{9A19103F-16F7-4668-BE54-9A1E7A4F7556}") = "Microservices.EventOrchestrator", "src\EventBus\Microservices.EventOrchestrator\Microservices.EventOrchestrator.csproj", "{0D785FB9-BB8A-4C5D-8616-0D96A26C8627}"
EndProject
Project("{9A19103F-16F7-4668-BE54-9A1E7A4F7556}") = "Microservices.EventBus.Publisher", "src\EventBus\Microservices.EventBus.Publisher\Microservices.EventBus.Publisher.csproj", "{A015A18E-0CDD-4D1F-8D04-21999987DDF9}"
EndProject
Project("{9A19103F-16F7-4668-BE54-9A1E7A4F7556}") = "Microservices.Core", "src\Core\Microservices.Core\Microservices.Core.csproj", "{D71A0224-C20E-473E-9696-38B8F5C6663A}"
EndProject
Project("{FAE04EC0-301F-11D3-BF4B-00C04F79EFBC}") = "Microservice.Identity.Application", "Microservice.Identity.Application\Microservice.Identity.Application.csproj", "{3080AB04-7362-40C4-8CF9-79EC313FD344}"
EndProject
Project("{FAE04EC0-301F-11D3-BF4B-00C04F79EFBC}") = "Microservice.Identity.Domain", "Microservice.Identity.Domain\Microservice.Identity.Domain.csproj", "{CF01F2AD-49B0-475B-AA52-848F980EB23D}"
EndProject
Project("{FAE04EC0-301F-11D3-BF4B-00C04F79EFBC}") = "Microservice.Identity.Infrastructure", "Microservice.Identity.Infrastructure\Microservice.Identity.Infrastructure.csproj", "{E4C768DA-587B-4703-915E-1C25758EAA58}"
EndProject
Global
	GlobalSection(SolutionConfigurationPlatforms) = preSolution
		Debug|Any CPU = Debug|Any CPU
		Release|Any CPU = Release|Any CPU
	EndGlobalSection
	GlobalSection(ProjectConfigurationPlatforms) = postSolution
		{87B270D3-48D5-4A1A-BE13-28676AB21613}.Debug|Any CPU.ActiveCfg = Debug|Any CPU
		{87B270D3-48D5-4A1A-BE13-28676AB21613}.Debug|Any CPU.Build.0 = Debug|Any CPU
		{87B270D3-48D5-4A1A-BE13-28676AB21613}.Release|Any CPU.ActiveCfg = Release|Any CPU
		{87B270D3-48D5-4A1A-BE13-28676AB21613}.Release|Any CPU.Build.0 = Release|Any CPU
		{C61A8843-37DC-4EBE-8E41-23F3E07DD37B}.Debug|Any CPU.ActiveCfg = Debug|Any CPU
		{C61A8843-37DC-4EBE-8E41-23F3E07DD37B}.Debug|Any CPU.Build.0 = Debug|Any CPU
		{C61A8843-37DC-4EBE-8E41-23F3E07DD37B}.Release|Any CPU.ActiveCfg = Release|Any CPU
		{C61A8843-37DC-4EBE-8E41-23F3E07DD37B}.Release|Any CPU.Build.0 = Release|Any CPU
		{BF3060D5-E549-4A0B-98E0-A055991E8A70}.Debug|Any CPU.ActiveCfg = Debug|Any CPU
		{BF3060D5-E549-4A0B-98E0-A055991E8A70}.Debug|Any CPU.Build.0 = Debug|Any CPU
		{BF3060D5-E549-4A0B-98E0-A055991E8A70}.Release|Any CPU.ActiveCfg = Release|Any CPU
		{BF3060D5-E549-4A0B-98E0-A055991E8A70}.Release|Any CPU.Build.0 = Release|Any CPU
		{7CDC1BB6-3787-4F9C-8C9F-D0900F94DDD7}.Debug|Any CPU.ActiveCfg = Debug|Any CPU
		{7CDC1BB6-3787-4F9C-8C9F-D0900F94DDD7}.Debug|Any CPU.Build.0 = Debug|Any CPU
		{7CDC1BB6-3787-4F9C-8C9F-D0900F94DDD7}.Release|Any CPU.ActiveCfg = Release|Any CPU
		{7CDC1BB6-3787-4F9C-8C9F-D0900F94DDD7}.Release|Any CPU.Build.0 = Release|Any CPU
		{4CCAC095-0922-48B0-91D2-DCDF0D44348D}.Debug|Any CPU.ActiveCfg = Debug|Any CPU
		{4CCAC095-0922-48B0-91D2-DCDF0D44348D}.Debug|Any CPU.Build.0 = Debug|Any CPU
		{4CCAC095-0922-48B0-91D2-DCDF0D44348D}.Release|Any CPU.ActiveCfg = Release|Any CPU
		{4CCAC095-0922-48B0-91D2-DCDF0D44348D}.Release|Any CPU.Build.0 = Release|Any CPU
		{0D785FB9-BB8A-4C5D-8616-0D96A26C8627}.Debug|Any CPU.ActiveCfg = Debug|Any CPU
		{0D785FB9-BB8A-4C5D-8616-0D96A26C8627}.Debug|Any CPU.Build.0 = Debug|Any CPU
		{0D785FB9-BB8A-4C5D-8616-0D96A26C8627}.Release|Any CPU.ActiveCfg = Release|Any CPU
		{0D785FB9-BB8A-4C5D-8616-0D96A26C8627}.Release|Any CPU.Build.0 = Release|Any CPU
		{A015A18E-0CDD-4D1F-8D04-21999987DDF9}.Debug|Any CPU.ActiveCfg = Debug|Any CPU
		{A015A18E-0CDD-4D1F-8D04-21999987DDF9}.Debug|Any CPU.Build.0 = Debug|Any CPU
		{A015A18E-0CDD-4D1F-8D04-21999987DDF9}.Release|Any CPU.ActiveCfg = Release|Any CPU
		{A015A18E-0CDD-4D1F-8D04-21999987DDF9}.Release|Any CPU.Build.0 = Release|Any CPU
		{D71A0224-C20E-473E-9696-38B8F5C6663A}.Debug|Any CPU.ActiveCfg = Debug|Any CPU
		{D71A0224-C20E-473E-9696-38B8F5C6663A}.Debug|Any CPU.Build.0 = Debug|Any CPU
		{D71A0224-C20E-473E-9696-38B8F5C6663A}.Release|Any CPU.ActiveCfg = Release|Any CPU
		{D71A0224-C20E-473E-9696-38B8F5C6663A}.Release|Any CPU.Build.0 = Release|Any CPU
		{3080AB04-7362-40C4-8CF9-79EC313FD344}.Debug|Any CPU.ActiveCfg = Debug|Any CPU
		{3080AB04-7362-40C4-8CF9-79EC313FD344}.Debug|Any CPU.Build.0 = Debug|Any CPU
		{3080AB04-7362-40C4-8CF9-79EC313FD344}.Release|Any CPU.ActiveCfg = Release|Any CPU
		{3080AB04-7362-40C4-8CF9-79EC313FD344}.Release|Any CPU.Build.0 = Release|Any CPU
		{CF01F2AD-49B0-475B-AA52-848F980EB23D}.Debug|Any CPU.ActiveCfg = Debug|Any CPU
		{CF01F2AD-49B0-475B-AA52-848F980EB23D}.Debug|Any CPU.Build.0 = Debug|Any CPU
		{CF01F2AD-49B0-475B-AA52-848F980EB23D}.Release|Any CPU.ActiveCfg = Release|Any CPU
		{CF01F2AD-49B0-475B-AA52-848F980EB23D}.Release|Any CPU.Build.0 = Release|Any CPU
		{E4C768DA-587B-4703-915E-1C25758EAA58}.Debug|Any CPU.ActiveCfg = Debug|Any CPU
		{E4C768DA-587B-4703-915E-1C25758EAA58}.Debug|Any CPU.Build.0 = Debug|Any CPU
		{E4C768DA-587B-4703-915E-1C25758EAA58}.Release|Any CPU.ActiveCfg = Release|Any CPU
		{E4C768DA-587B-4703-915E-1C25758EAA58}.Release|Any CPU.Build.0 = Release|Any CPU
	EndGlobalSection
	GlobalSection(SolutionProperties) = preSolution
		HideSolutionNode = FALSE
	EndGlobalSection
	GlobalSection(NestedProjects) = preSolution
		{652D801E-B811-4DD9-91D3-E88CC93360B6} = {4E83438B-562C-4EB3-A856-9CBB66823F8B}
		{1950B748-0EBE-4393-85A8-20AF2760917F} = {4E83438B-562C-4EB3-A856-9CBB66823F8B}
		{42AE664E-8AC5-4441-AE23-563ED618F7A6} = {652D801E-B811-4DD9-91D3-E88CC93360B6}
		{87B270D3-48D5-4A1A-BE13-28676AB21613} = {42AE664E-8AC5-4441-AE23-563ED618F7A6}
		{1C025C44-6F67-48E8-8A25-FA5881687213} = {652D801E-B811-4DD9-91D3-E88CC93360B6}
		{C61A8843-37DC-4EBE-8E41-23F3E07DD37B} = {1C025C44-6F67-48E8-8A25-FA5881687213}
		{843477BB-90DB-4543-AFA1-9DB9AF238178} = {652D801E-B811-4DD9-91D3-E88CC93360B6}
		{BF3060D5-E549-4A0B-98E0-A055991E8A70} = {843477BB-90DB-4543-AFA1-9DB9AF238178}
		{E9B83AB9-AAB4-4EC7-8AE7-2443E60368D9} = {652D801E-B811-4DD9-91D3-E88CC93360B6}
		{7CDC1BB6-3787-4F9C-8C9F-D0900F94DDD7} = {E9B83AB9-AAB4-4EC7-8AE7-2443E60368D9}
		{2CEA4980-7FD9-4877-B72D-7BE6B1E0CFCA} = {4E83438B-562C-4EB3-A856-9CBB66823F8B}
		{1C22EED6-0354-4530-92EC-34CCDDEC33CC} = {4E83438B-562C-4EB3-A856-9CBB66823F8B}
		{4CCAC095-0922-48B0-91D2-DCDF0D44348D} = {1C22EED6-0354-4530-92EC-34CCDDEC33CC}
		{0D785FB9-BB8A-4C5D-8616-0D96A26C8627} = {1950B748-0EBE-4393-85A8-20AF2760917F}
		{A015A18E-0CDD-4D1F-8D04-21999987DDF9} = {1950B748-0EBE-4393-85A8-20AF2760917F}
		{D71A0224-C20E-473E-9696-38B8F5C6663A} = {2CEA4980-7FD9-4877-B72D-7BE6B1E0CFCA}
		{3080AB04-7362-40C4-8CF9-79EC313FD344} = {42AE664E-8AC5-4441-AE23-563ED618F7A6}
		{CF01F2AD-49B0-475B-AA52-848F980EB23D} = {42AE664E-8AC5-4441-AE23-563ED618F7A6}
		{E4C768DA-587B-4703-915E-1C25758EAA58} = {42AE664E-8AC5-4441-AE23-563ED618F7A6}
	EndGlobalSection
	GlobalSection(ExtensibilityGlobals) = postSolution
		SolutionGuid = {0747AB50-AC07-4831-8C40-7B440EC15F02}
	EndGlobalSection
EndGlobal
